<?xml version="1.0" encoding="utf-8"?>
<Project ToolsVersion="4.0" xmlns="http://schemas.microsoft.com/developer/msbuild/2003">
  <ItemGroup>
    <Filter Include="源文件">
      <UniqueIdentifier>{4FC737F1-C7A5-4376-A066-2A32D752A2FF}</UniqueIdentifier>
      <Extensions>cpp;c;cc;cxx;def;odl;idl;hpj;bat;asm;asmx</Extensions>
    </Filter>
    <Filter Include="头文件">
      <UniqueIdentifier>{93995380-89BD-4b04-88EB-625FBE52EBFB}</UniqueIdentifier>
      <Extensions>h;hh;hpp;hxx;hm;inl;inc;ipp;xsd</Extensions>
    </Filter>
    <Filter Include="资源文件">
      <UniqueIdentifier>{67DA6AB6-F800-4c08-8B7A-83BB121AAD01}</UniqueIdentifier>
      <Extensions>rc;ico;cur;bmp;dlg;rc2;rct;bin;rgs;gif;jpg;jpeg;jpe;resx;tiff;tif;png;wav;mfcribbon-ms</Extensions>
    </Filter>
  </ItemGroup>
  <ItemGroup>
    <ClInclude Include="pch.h">
      <Filter>头文件</Filter>
    </ClInclude>
    <ClInclude Include="common.h">
      <Filter>头文件</Filter>
    </ClInclude>
    <ClInclude Include="Camera.h">
      <Filter>头文件</Filter>
    </ClInclude>
    <ClInclude Include="Game.h">
      <Filter>头文件</Filter>
    </ClInclude>
    <ClInclude Include="Renderer.h">
      <Filter>头文件</Filter>
    </ClInclude>
    <ClInclude Include="Role.h">
      <Filter>头文件</Filter>
    </ClInclude>
    <ClInclude Include="Board.h">
      <Filter>头文件</Filter>
    </ClInclude>
    <ClInclude Include="Cell.h">
      <Filter>头文件</Filter>
    </ClInclude>
    <ClInclude Include="Map.h">
      <Filter>头文件</Filter>
    </ClInclude>
    <ClInclude Include="Entity.h">
      <Filter>头文件</Filter>
    </ClInclude>
    <ClInclude Include="Monster.h">
      <Filter>头文件</Filter>
    </ClInclude>
    <ClInclude Include="Data.h">
      <Filter>头文件</Filter>
    </ClInclude>
    <ClInclude Include="AStar.h">
      <Filter>头文件</Filter>
    </ClInclude>
    <ClInclude Include="Sprite.h">
      <Filter>头文件</Filter>
    </ClInclude>
    <ClInclude Include="MoveController.h">
      <Filter>头文件</Filter>
    </ClInclude>
    <ClInclude Include="MoveAI.h">
      <Filter>头文件</Filter>
    </ClInclude>
    <ClInclude Include="MoveBase.h">
      <Filter>头文件</Filter>
    </ClInclude>
    <ClInclude Include="Weapon.h">
      <Filter>头文件</Filter>
    </ClInclude>
    <ClInclude Include="Fight.h">
      <Filter>头文件</Filter>
    </ClInclude>
    <ClInclude Include="FightEntity.h">
      <Filter>头文件</Filter>
    </ClInclude>
    <ClInclude Include="CsvReader.h">
      <Filter>头文件</Filter>
    </ClInclude>
    <ClInclude Include="Items.h">
      <Filter>头文件</Filter>
    </ClInclude>
    <ClInclude Include="baseItem.h">
      <Filter>头文件</Filter>
    </ClInclude>
    <ClInclude Include="baseItemCreator.h">
      <Filter>头文件</Filter>
    </ClInclude>
    <ClInclude Include="Config.h">
      <Filter>头文件</Filter>
    </ClInclude>
    <ClInclude Include="ImageManager.h">
      <Filter>头文件</Filter>
    </ClInclude>
    <ClInclude Include="Package.h">
      <Filter>头文件</Filter>
    </ClInclude>
  </ItemGroup>
  <ItemGroup>
    <ClCompile Include="pch.cpp">
      <Filter>源文件</Filter>
    </ClCompile>
    <ClCompile Include="Camera.cpp">
      <Filter>源文件</Filter>
    </ClCompile>
    <ClCompile Include="Game.cpp">
      <Filter>源文件</Filter>
    </ClCompile>
    <ClCompile Include="main.cpp">
      <Filter>源文件</Filter>
    </ClCompile>
    <ClCompile Include="Renderer.cpp">
      <Filter>源文件</Filter>
    </ClCompile>
    <ClCompile Include="Role.cpp">
      <Filter>源文件</Filter>
    </ClCompile>
    <ClCompile Include="Board.cpp">
      <Filter>源文件</Filter>
    </ClCompile>
    <ClCompile Include="Cell.cpp">
      <Filter>源文件</Filter>
    </ClCompile>
    <ClCompile Include="Map.cpp">
      <Filter>源文件</Filter>
    </ClCompile>
    <ClCompile Include="Entity.cpp">
      <Filter>源文件</Filter>
    </ClCompile>
    <ClCompile Include="Monster.cpp">
      <Filter>源文件</Filter>
    </ClCompile>
    <ClCompile Include="AStar.cpp">
      <Filter>源文件</Filter>
    </ClCompile>
    <ClCompile Include="Data.cpp">
      <Filter>源文件</Filter>
    </ClCompile>
    <ClCompile Include="Sprite.cpp">
      <Filter>源文件</Filter>
    </ClCompile>
    <ClCompile Include="MoveController.cpp">
      <Filter>源文件</Filter>
    </ClCompile>
    <ClCompile Include="MoveBase.cpp">
      <Filter>源文件</Filter>
    </ClCompile>
    <ClCompile Include="MoveAI.cpp">
      <Filter>源文件</Filter>
    </ClCompile>
    <ClCompile Include="Weapon.cpp">
      <Filter>源文件</Filter>
    </ClCompile>
    <ClCompile Include="Fight.cpp">
      <Filter>源文件</Filter>
    </ClCompile>
    <ClCompile Include="FightEntity.cpp">
      <Filter>源文件</Filter>
    </ClCompile>
    <ClCompile Include="CsvReader.cpp">
      <Filter>源文件</Filter>
    </ClCompile>
    <ClCompile Include="Items.cpp">
      <Filter>源文件</Filter>
    </ClCompile>
    <ClCompile Include="baseItem.cpp">
      <Filter>源文件</Filter>
    </ClCompile>
    <ClCompile Include="baseItemCreator.cpp">
      <Filter>源文件</Filter>
    </ClCompile>
    <ClCompile Include="Config.cpp">
      <Filter>源文件</Filter>
    </ClCompile>
    <ClCompile Include="ImageManager.cpp">
      <Filter>源文件</Filter>
    </ClCompile>
    <ClCompile Include="Package.cpp">
      <Filter>源文件</Filter>
    </ClCompile>
  </ItemGroup>
</Project>